<?xml version="1.0" encoding="utf-8"?>
<Project ToolsVersion="4.0" xmlns="http://schemas.microsoft.com/developer/msbuild/2003">
  <ItemGroup>
    <FxCompile Include="Shaders\ParticleGS.hlsl">
      <Filter>Shader</Filter>
    </FxCompile>
    <FxCompile Include="Shaders\ParticlePS.hlsl">
      <Filter>Shader</Filter>
    </FxCompile>
    <FxCompile Include="Shaders\ParticleVS.hlsl">
      <Filter>Shader</Filter>
    </FxCompile>
  </ItemGroup>
  <ItemGroup>
    <Manifest Include="settings.manifest" />
  </ItemGroup>
  <ItemGroup>
    <ClCompile Include="Game.cpp" />
    <ClCompile Include="LandShape.cpp" />
    <ClCompile Include="LandShapeData.cpp" />
    <ClCompile Include="Main.cpp" />
    <ClCompile Include="Classes\Audio\ADX2Le.cpp">
      <Filter>Audio</Filter>
    </ClCompile>
    <ClCompile Include="Classes\Camera\BossCamera.cpp">
      <Filter>Camera</Filter>
    </ClCompile>
    <ClCompile Include="Classes\Camera\Camera.cpp">
      <Filter>Camera</Filter>
    </ClCompile>
    <ClCompile Include="Classes\Camera\DebugCamera.cpp">
      <Filter>Camera</Filter>
    </ClCompile>
    <ClCompile Include="Classes\Camera\TPSCamera.cpp">
      <Filter>Camera</Filter>
    </ClCompile>
    <ClCompile Include="Classes\Character\Enemy\Skeleton.cpp">
      <Filter>Charactor\Enemy</Filter>
    </ClCompile>
    <ClCompile Include="Classes\Collider\Collision.cpp">
      <Filter>Collider</Filter>
    </ClCompile>
    <ClCompile Include="Classes\Collider\CollisionNode.cpp">
      <Filter>Collider</Filter>
    </ClCompile>
    <ClCompile Include="Classes\Common\DXTKResouces.cpp">
      <Filter>Common</Filter>
    </ClCompile>
    <ClCompile Include="Classes\Effect\ParticleEffects.cpp">
      <Filter>Effect</Filter>
    </ClCompile>
    <ClCompile Include="Classes\Manager\ParticleEffectManager.cpp">
      <Filter>Manager</Filter>
    </ClCompile>
    <ClCompile Include="Classes\Model\AnimationModel.cpp">
      <Filter>Model</Filter>
    </ClCompile>
    <ClCompile Include="Classes\Model\Obj3d.cpp">
      <Filter>Model</Filter>
    </ClCompile>
    <ClCompile Include="Classes\Scenes\DemoScene.cpp">
      <Filter>Scenes</Filter>
    </ClCompile>
    <ClCompile Include="Classes\Scenes\PlayScene.cpp">
      <Filter>Scenes</Filter>
    </ClCompile>
    <ClCompile Include="Classes\Texture\Texture.cpp">
      <Filter>Texture</Filter>
    </ClCompile>
    <ClCompile Include="Classes\Texture\Canvas.cpp">
      <Filter>Texture</Filter>
    </ClCompile>
    <ClCompile Include="Classes\Utility\BinaryFile.cpp">
      <Filter>Utility</Filter>
    </ClCompile>
    <ClCompile Include="Classes\Weapon\Sword.cpp">
      <Filter>Weapon</Filter>
    </ClCompile>
    <ClCompile Include="Classes\Character\Player\IPlayerInput.cpp">
      <Filter>Charactor\Player</Filter>
    </ClCompile>
    <ClCompile Include="Classes\Character\Player\Player.cpp">
      <Filter>Charactor\Player</Filter>
    </ClCompile>
  </ItemGroup>
  <ItemGroup>
    <MeshContentTask Include="Assets\BOSS.fbx">
      <Filter>Assets</Filter>
    </MeshContentTask>
    <MeshContentTask Include="Assets\Field.FBX">
      <Filter>Assets</Filter>
    </MeshContentTask>
    <MeshContentTask Include="Assets\kurokki.fbx">
      <Filter>Assets</Filter>
    </MeshContentTask>
    <MeshContentTask Include="Assets\kakunonn.fbx">
      <Filter>Assets</Filter>
    </MeshContentTask>
    <MeshContentTask Include="Assets\player.fbx">
      <Filter>Assets</Filter>
    </MeshContentTask>
    <MeshContentTask Include="Assets\skeleton.fbx">
      <Filter>Assets</Filter>
    </MeshContentTask>
    <MeshContentTask Include="Assets\Wall.FBX">
      <Filter>Assets</Filter>
    </MeshContentTask>
    <MeshContentTask Include="Assets\Sword.fbx">
      <Filter>Assets</Filter>
    </MeshContentTask>
    <MeshContentTask Include="Assets\SphereNode.FBX">
      <Filter>Assets</Filter>
    </MeshContentTask>
  </ItemGroup>
  <ItemGroup>
    <ClInclude Include="Game.h" />
    <ClInclude Include="LandShape.h" />
    <ClInclude Include="LandShapeData.h" />
    <ClInclude Include="pch.h" />
    <ClInclude Include="Classes\Audio\ADX2Le.h">
      <Filter>Audio</Filter>
    </ClInclude>
    <ClInclude Include="Classes\Audio\PlaySounds.h">
      <Filter>Audio</Filter>
    </ClInclude>
    <ClInclude Include="Classes\Camera\BossCamera.h">
      <Filter>Camera</Filter>
    </ClInclude>
    <ClInclude Include="Classes\Camera\Camera.h">
      <Filter>Camera</Filter>
    </ClInclude>
    <ClInclude Include="Classes\Camera\DebugCamera.h">
      <Filter>Camera</Filter>
    </ClInclude>
    <ClInclude Include="Classes\Camera\TPSCamera.h">
      <Filter>Camera</Filter>
    </ClInclude>
    <ClInclude Include="Classes\Character\Character.h">
      <Filter>Charactor</Filter>
    </ClInclude>
    <ClInclude Include="Classes\Character\Enemy\Enemy.h">
      <Filter>Charactor\Enemy</Filter>
    </ClInclude>
    <ClInclude Include="Classes\Character\Enemy\Skeleton.h">
      <Filter>Charactor\Enemy</Filter>
    </ClInclude>
    <ClInclude Include="Classes\Collider\Collision.h">
      <Filter>Collider</Filter>
    </ClInclude>
    <ClInclude Include="Classes\Collider\CollisionNode.h">
      <Filter>Collider</Filter>
    </ClInclude>
    <ClInclude Include="Classes\Common\DXTKResouces.h">
      <Filter>Common</Filter>
    </ClInclude>
    <ClInclude Include="Classes\Common\StepTimer.h">
      <Filter>Common</Filter>
    </ClInclude>
    <ClInclude Include="Classes\Effect\ParticleEffects.h">
      <Filter>Effect</Filter>
    </ClInclude>
    <ClInclude Include="Classes\Manager\AudioManager.h">
      <Filter>Manager</Filter>
    </ClInclude>
    <ClInclude Include="Classes\Manager\ParticleEffectManager.h">
      <Filter>Manager</Filter>
    </ClInclude>
    <ClInclude Include="Classes\Model\AnimationModel.h">
      <Filter>Model</Filter>
    </ClInclude>
    <ClInclude Include="Classes\Model\Obj3d.h">
      <Filter>Model</Filter>
    </ClInclude>
    <ClInclude Include="Classes\Scenes\DemoScene.h">
      <Filter>Scenes</Filter>
    </ClInclude>
    <ClInclude Include="Classes\Scenes\PlayScene.h">
      <Filter>Scenes</Filter>
    </ClInclude>
    <ClInclude Include="Classes\Scenes\Scene.h">
      <Filter>Scenes</Filter>
    </ClInclude>
    <ClInclude Include="Classes\Texture\Texture.h">
      <Filter>Texture</Filter>
    </ClInclude>
    <ClInclude Include="Classes\Texture\Canvas.h">
      <Filter>Texture</Filter>
    </ClInclude>
    <ClInclude Include="Classes\Utility\BinaryFile.h">
      <Filter>Utility</Filter>
    </ClInclude>
    <ClInclude Include="Classes\Utility\Command.h">
      <Filter>Utility</Filter>
    </ClInclude>
    <ClInclude Include="Classes\Utility\Singleton.h">
      <Filter>Utility</Filter>
    </ClInclude>
    <ClInclude Include="Classes\Weapon\Sword.h">
      <Filter>Weapon</Filter>
    </ClInclude>
    <ClInclude Include="Classes\Weapon\Weapon.h">
      <Filter>Weapon</Filter>
    </ClInclude>
    <ClInclude Include="Classes\Character\Player\IPlayerInput.h">
      <Filter>Charactor\Player</Filter>
    </ClInclude>
    <ClInclude Include="Classes\Character\Player\Player.h">
      <Filter>Charactor\Player</Filter>
    </ClInclude>
  </ItemGroup>
  <ItemGroup>
    <None Include="packages.config" />
    <None Include="Shaders\Particle.hlsli">
      <Filter>Shader</Filter>
    </None>
  </ItemGroup>
  <ItemGroup>
    <Filter Include="Audio">
      <UniqueIdentifier>{79dffc8f-31ed-48ec-9ddc-0fc41ddea0ad}</UniqueIdentifier>
    </Filter>
    <Filter Include="Camera">
      <UniqueIdentifier>{a7b8cace-ba98-4823-af11-b46c7220874e}</UniqueIdentifier>
    </Filter>
    <Filter Include="Charactor">
      <UniqueIdentifier>{5b124e35-9fb9-45be-8702-f01d89169539}</UniqueIdentifier>
    </Filter>
    <Filter Include="Charactor\Enemy">
      <UniqueIdentifier>{33baeeea-771d-4905-84ec-e13867226265}</UniqueIdentifier>
    </Filter>
    <Filter Include="Charactor\Player">
      <UniqueIdentifier>{9dfa325c-265c-4a56-bfe8-0877726cf4ca}</UniqueIdentifier>
    </Filter>
    <Filter Include="Assets">
      <UniqueIdentifier>{a7533627-e10a-45e8-9e29-b718ced035d1}</UniqueIdentifier>
    </Filter>
    <Filter Include="Collider">
      <UniqueIdentifier>{4a199eff-3634-4b32-8d19-f77bea7b0cb1}</UniqueIdentifier>
    </Filter>
    <Filter Include="Common">
      <UniqueIdentifier>{8584f95e-b634-4474-8765-763d898a4b29}</UniqueIdentifier>
    </Filter>
    <Filter Include="Effect">
      <UniqueIdentifier>{81dc0fe7-b9f7-48b9-b4ff-a5050cdaca38}</UniqueIdentifier>
    </Filter>
    <Filter Include="Manager">
      <UniqueIdentifier>{d1f4f8f4-9f58-4065-bc8e-3903b6cbd7db}</UniqueIdentifier>
    </Filter>
    <Filter Include="Model">
      <UniqueIdentifier>{8a4a1fef-f952-4548-ad8e-560616ed15fe}</UniqueIdentifier>
    </Filter>
    <Filter Include="Scenes">
      <UniqueIdentifier>{7fc67f97-c700-4605-96fa-c7b63695a9b7}</UniqueIdentifier>
    </Filter>
    <Filter Include="Texture">
      <UniqueIdentifier>{8c910490-5dfc-465e-b935-3e0c3c9e6b28}</UniqueIdentifier>
    </Filter>
    <Filter Include="Utility">
      <UniqueIdentifier>{946b4351-2947-4b1e-85b3-18bd748d921f}</UniqueIdentifier>
    </Filter>
    <Filter Include="Weapon">
      <UniqueIdentifier>{9d47b961-a16f-4ae9-8029-e304616396c2}</UniqueIdentifier>
    </Filter>
    <Filter Include="Shader">
      <UniqueIdentifier>{bf3d24fe-a575-4e0d-a74f-d1850d14991c}</UniqueIdentifier>
    </Filter>
  </ItemGroup>
  <ItemGroup>
    <ResourceCompile Include="icon_rc.rc">
      <Filter>Assets</Filter>
    </ResourceCompile>
  </ItemGroup>
  <ItemGroup>
    <Image Include="sword.ico">
      <Filter>Assets</Filter>
    </Image>
  </ItemGroup>
</Project>